
Microsoft Visual Studio Solution File, Format Version 12.00
# Visual Studio Version 16
VisualStudioVersion = 16.0.31729.503
MinimumVisualStudioVersion = 10.0.40219.1
Project("{2150E333-8FDC-42A3-9474-1A3956D46DE8}") = "Übungsklausur_17.02.2022", "Übungsklausur_17.02.2022", "{075336AB-9787-4BDD-8726-BBBD40AB2AF6}"
EndProject
Project("{9A19103F-16F7-4668-BE54-9A1E7A4F7556}") = "Aufgabe 2", "Aufgabe 2\Aufgabe 2.csproj", "{6BC57DC7-1F1C-474C-8891-67E37C42A3FF}"
EndProject
Project("{9A19103F-16F7-4668-BE54-9A1E7A4F7556}") = "Aufgabe 3", "Aufgabe 3\Aufgabe 3.csproj", "{CCB77653-FFA8-4938-AC3B-BE3803FDBA3B}"
EndProject
Project("{9A19103F-16F7-4668-BE54-9A1E7A4F7556}") = "Aufgabe 4", "Aufgabe 4\Aufgabe 4.csproj", "{A01395C7-42EA-4D17-B639-E8B0D83F0C33}"
EndProject
Project("{2150E333-8FDC-42A3-9474-1A3956D46DE8}") = "Daten Feld_10.03.2022", "Daten Feld_10.03.2022", "{F64CD36F-FF91-4071-B9B2-2020C5696EBC}"
EndProject
Project("{9A19103F-16F7-4668-BE54-9A1E7A4F7556}") = "Klassen Noten Durschnitt", "Klassen Noten Durschnitt\Klassen Noten Durschnitt.csproj", "{6FE0221F-C99B-40B3-BE6E-700E0EEEC95A}"
EndProject
Project("{2150E333-8FDC-42A3-9474-1A3956D46DE8}") = "Bubelsort 16.03.2022", "Bubelsort 16.03.2022", "{E205CD56-0C60-4669-A147-92450167FCC0}"
EndProject
Project("{9A19103F-16F7-4668-BE54-9A1E7A4F7556}") = "Bubelsorting", "Bubelsorting\Bubelsorting.csproj", "{126EBF19-1998-497F-AC68-46C90A0BE45B}"
EndProject
Project("{2150E333-8FDC-42A3-9474-1A3956D46DE8}") = "Methoden implementieren und aufrufen 31.03.2022", "Methoden implementieren und aufrufen 31.03.2022", "{E4B7327A-6D40-4ADC-A188-4441C136134D}"
EndProject
Project("{9A19103F-16F7-4668-BE54-9A1E7A4F7556}") = "Methoden implementieren und aufrufen", "Methoden implementieren und aufrufen\Methoden implementieren und aufrufen.csproj", "{06DA8914-EF20-4485-9CC3-E282A6927ABB}"
EndProject
Project("{FAE04EC0-301F-11D3-BF4B-00C04F79EFBC}") = "Methoden_implementieren Erweitert", "Methoden_implementieren Erweitert\Methoden_implementieren Erweitert.csproj", "{BED5883A-6A20-48DF-AB3D-2C955AD1B912}"
EndProject
Project("{2150E333-8FDC-42A3-9474-1A3956D46DE8}") = "Hotel Check", "Hotel Check", "{6045CA85-1585-4B76-AA12-6DDA515E8BB9}"
EndProject
Project("{FAE04EC0-301F-11D3-BF4B-00C04F79EFBC}") = "Hotel Check", "Hotel Check\Hotel Check.csproj", "{5C677D08-852E-4B9E-B905-613A80FA5231}"
EndProject
Global
	GlobalSection(SolutionConfigurationPlatforms) = preSolution
		Debug|Any CPU = Debug|Any CPU
		Release|Any CPU = Release|Any CPU
	EndGlobalSection
	GlobalSection(ProjectConfigurationPlatforms) = postSolution
		{6BC57DC7-1F1C-474C-8891-67E37C42A3FF}.Debug|Any CPU.ActiveCfg = Debug|Any CPU
		{6BC57DC7-1F1C-474C-8891-67E37C42A3FF}.Debug|Any CPU.Build.0 = Debug|Any CPU
		{6BC57DC7-1F1C-474C-8891-67E37C42A3FF}.Release|Any CPU.ActiveCfg = Release|Any CPU
		{6BC57DC7-1F1C-474C-8891-67E37C42A3FF}.Release|Any CPU.Build.0 = Release|Any CPU
		{CCB77653-FFA8-4938-AC3B-BE3803FDBA3B}.Debug|Any CPU.ActiveCfg = Debug|Any CPU
		{CCB77653-FFA8-4938-AC3B-BE3803FDBA3B}.Debug|Any CPU.Build.0 = Debug|Any CPU
		{CCB77653-FFA8-4938-AC3B-BE3803FDBA3B}.Release|Any CPU.ActiveCfg = Release|Any CPU
		{CCB77653-FFA8-4938-AC3B-BE3803FDBA3B}.Release|Any CPU.Build.0 = Release|Any CPU
		{A01395C7-42EA-4D17-B639-E8B0D83F0C33}.Debug|Any CPU.ActiveCfg = Debug|Any CPU
		{A01395C7-42EA-4D17-B639-E8B0D83F0C33}.Debug|Any CPU.Build.0 = Debug|Any CPU
		{A01395C7-42EA-4D17-B639-E8B0D83F0C33}.Release|Any CPU.ActiveCfg = Release|Any CPU
		{A01395C7-42EA-4D17-B639-E8B0D83F0C33}.Release|Any CPU.Build.0 = Release|Any CPU
		{6FE0221F-C99B-40B3-BE6E-700E0EEEC95A}.Debug|Any CPU.ActiveCfg = Debug|Any CPU
		{6FE0221F-C99B-40B3-BE6E-700E0EEEC95A}.Debug|Any CPU.Build.0 = Debug|Any CPU
		{6FE0221F-C99B-40B3-BE6E-700E0EEEC95A}.Release|Any CPU.ActiveCfg = Release|Any CPU
		{6FE0221F-C99B-40B3-BE6E-700E0EEEC95A}.Release|Any CPU.Build.0 = Release|Any CPU
		{126EBF19-1998-497F-AC68-46C90A0BE45B}.Debug|Any CPU.ActiveCfg = Debug|Any CPU
		{126EBF19-1998-497F-AC68-46C90A0BE45B}.Debug|Any CPU.Build.0 = Debug|Any CPU
		{126EBF19-1998-497F-AC68-46C90A0BE45B}.Release|Any CPU.ActiveCfg = Release|Any CPU
		{126EBF19-1998-497F-AC68-46C90A0BE45B}.Release|Any CPU.Build.0 = Release|Any CPU
		{06DA8914-EF20-4485-9CC3-E282A6927ABB}.Debug|Any CPU.ActiveCfg = Debug|Any CPU
		{06DA8914-EF20-4485-9CC3-E282A6927ABB}.Debug|Any CPU.Build.0 = Debug|Any CPU
		{06DA8914-EF20-4485-9CC3-E282A6927ABB}.Release|Any CPU.ActiveCfg = Release|Any CPU
		{06DA8914-EF20-4485-9CC3-E282A6927ABB}.Release|Any CPU.Build.0 = Release|Any CPU
		{BED5883A-6A20-48DF-AB3D-2C955AD1B912}.Debug|Any CPU.ActiveCfg = Debug|Any CPU
		{BED5883A-6A20-48DF-AB3D-2C955AD1B912}.Debug|Any CPU.Build.0 = Debug|Any CPU
		{BED5883A-6A20-48DF-AB3D-2C955AD1B912}.Release|Any CPU.ActiveCfg = Release|Any CPU
		{BED5883A-6A20-48DF-AB3D-2C955AD1B912}.Release|Any CPU.Build.0 = Release|Any CPU
		{5C677D08-852E-4B9E-B905-613A80FA5231}.Debug|Any CPU.ActiveCfg = Debug|Any CPU
		{5C677D08-852E-4B9E-B905-613A80FA5231}.Debug|Any CPU.Build.0 = Debug|Any CPU
		{5C677D08-852E-4B9E-B905-613A80FA5231}.Release|Any CPU.ActiveCfg = Release|Any CPU
		{5C677D08-852E-4B9E-B905-613A80FA5231}.Release|Any CPU.Build.0 = Release|Any CPU
	EndGlobalSection
	GlobalSection(SolutionProperties) = preSolution
		HideSolutionNode = FALSE
	EndGlobalSection
	GlobalSection(NestedProjects) = preSolution
		{6BC57DC7-1F1C-474C-8891-67E37C42A3FF} = {075336AB-9787-4BDD-8726-BBBD40AB2AF6}
		{CCB77653-FFA8-4938-AC3B-BE3803FDBA3B} = {075336AB-9787-4BDD-8726-BBBD40AB2AF6}
		{A01395C7-42EA-4D17-B639-E8B0D83F0C33} = {075336AB-9787-4BDD-8726-BBBD40AB2AF6}
		{6FE0221F-C99B-40B3-BE6E-700E0EEEC95A} = {F64CD36F-FF91-4071-B9B2-2020C5696EBC}
		{126EBF19-1998-497F-AC68-46C90A0BE45B} = {E205CD56-0C60-4669-A147-92450167FCC0}
		{06DA8914-EF20-4485-9CC3-E282A6927ABB} = {E4B7327A-6D40-4ADC-A188-4441C136134D}
		{BED5883A-6A20-48DF-AB3D-2C955AD1B912} = {E4B7327A-6D40-4ADC-A188-4441C136134D}
		{5C677D08-852E-4B9E-B905-613A80FA5231} = {6045CA85-1585-4B76-AA12-6DDA515E8BB9}
	EndGlobalSection
	GlobalSection(ExtensibilityGlobals) = postSolution
		SolutionGuid = {1C333744-E2A3-468D-B585-4C630836E5F4}
	EndGlobalSection
EndGlobal
